// !$*UTF8*$!
{
	archiveVersion = 1;
	classes = {
	};
	objectVersion = 56;
	objects = {

/* Begin PBXBuildFile section */
		DB2A584A2B6253500087C835 /* TabBarController.swift in Sources */ = {isa = PBXBuildFile; fileRef = DB2A58492B6253500087C835 /* TabBarController.swift */; };
		DB7C598D2B4822DC003166B8 /* LookinServer in Frameworks */ = {isa = PBXBuildFile; productRef = DB7C598C2B4822DC003166B8 /* LookinServer */; };
		DB81468E2B4D57D200246D64 /* MenuActionView+StackLabel.swift in Sources */ = {isa = PBXBuildFile; fileRef = DB81468D2B4D57D200246D64 /* MenuActionView+StackLabel.swift */; };
		DB87BB072B3C089B006292B7 /* AppDelegate.swift in Sources */ = {isa = PBXBuildFile; fileRef = DB87BB062B3C089B006292B7 /* AppDelegate.swift */; };
		DB87BB092B3C089B006292B7 /* SceneDelegate.swift in Sources */ = {isa = PBXBuildFile; fileRef = DB87BB082B3C089B006292B7 /* SceneDelegate.swift */; };
		DB87BB0B2B3C089B006292B7 /* ViewController.swift in Sources */ = {isa = PBXBuildFile; fileRef = DB87BB0A2B3C089B006292B7 /* ViewController.swift */; };
		DB87BB0E2B3C089B006292B7 /* Main.storyboard in Resources */ = {isa = PBXBuildFile; fileRef = DB87BB0C2B3C089B006292B7 /* Main.storyboard */; };
		DB87BB102B3C089C006292B7 /* Assets.xcassets in Resources */ = {isa = PBXBuildFile; fileRef = DB87BB0F2B3C089C006292B7 /* Assets.xcassets */; };
		DB87BB132B3C089C006292B7 /* LaunchScreen.storyboard in Resources */ = {isa = PBXBuildFile; fileRef = DB87BB112B3C089C006292B7 /* LaunchScreen.storyboard */; };
		DB87BB1C2B3C09F5006292B7 /* ListView.swift in Sources */ = {isa = PBXBuildFile; fileRef = DB87BB1B2B3C09F5006292B7 /* ListView.swift */; };
		DB87BB1E2B3C0A10006292B7 /* ListRowView.swift in Sources */ = {isa = PBXBuildFile; fileRef = DB87BB1D2B3C0A10006292B7 /* ListRowView.swift */; };
		DB87BB202B3C0DB5006292B7 /* ListItem.swift in Sources */ = {isa = PBXBuildFile; fileRef = DB87BB1F2B3C0DB5006292B7 /* ListItem.swift */; };
		DB87BB232B3C104A006292B7 /* SwiftUIMenu in Frameworks */ = {isa = PBXBuildFile; productRef = DB87BB222B3C104A006292B7 /* SwiftUIMenu */; };
/* End PBXBuildFile section */

/* Begin PBXFileReference section */
		DB2A58492B6253500087C835 /* TabBarController.swift */ = {isa = PBXFileReference; lastKnownFileType = sourcecode.swift; path = TabBarController.swift; sourceTree = "<group>"; };
		DB81468D2B4D57D200246D64 /* MenuActionView+StackLabel.swift */ = {isa = PBXFileReference; lastKnownFileType = sourcecode.swift; path = "MenuActionView+StackLabel.swift"; sourceTree = "<group>"; };
		DB87BB032B3C089B006292B7 /* Example.app */ = {isa = PBXFileReference; explicitFileType = wrapper.application; includeInIndex = 0; path = Example.app; sourceTree = BUILT_PRODUCTS_DIR; };
		DB87BB062B3C089B006292B7 /* AppDelegate.swift */ = {isa = PBXFileReference; lastKnownFileType = sourcecode.swift; path = AppDelegate.swift; sourceTree = "<group>"; };
		DB87BB082B3C089B006292B7 /* SceneDelegate.swift */ = {isa = PBXFileReference; lastKnownFileType = sourcecode.swift; path = SceneDelegate.swift; sourceTree = "<group>"; };
		DB87BB0A2B3C089B006292B7 /* ViewController.swift */ = {isa = PBXFileReference; lastKnownFileType = sourcecode.swift; path = ViewController.swift; sourceTree = "<group>"; };
		DB87BB0D2B3C089B006292B7 /* Base */ = {isa = PBXFileReference; lastKnownFileType = file.storyboard; name = Base; path = Base.lproj/Main.storyboard; sourceTree = "<group>"; };
		DB87BB0F2B3C089C006292B7 /* Assets.xcassets */ = {isa = PBXFileReference; lastKnownFileType = folder.assetcatalog; path = Assets.xcassets; sourceTree = "<group>"; };
		DB87BB122B3C089C006292B7 /* Base */ = {isa = PBXFileReference; lastKnownFileType = file.storyboard; name = Base; path = Base.lproj/LaunchScreen.storyboard; sourceTree = "<group>"; };
		DB87BB142B3C089C006292B7 /* Info.plist */ = {isa = PBXFileReference; lastKnownFileType = text.plist.xml; path = Info.plist; sourceTree = "<group>"; };
		DB87BB1A2B3C0945006292B7 /* SwiftUIMenu */ = {isa = PBXFileReference; lastKnownFileType = wrapper; name = SwiftUIMenu; path = ..; sourceTree = "<group>"; };
		DB87BB1B2B3C09F5006292B7 /* ListView.swift */ = {isa = PBXFileReference; lastKnownFileType = sourcecode.swift; path = ListView.swift; sourceTree = "<group>"; };
		DB87BB1D2B3C0A10006292B7 /* ListRowView.swift */ = {isa = PBXFileReference; lastKnownFileType = sourcecode.swift; path = ListRowView.swift; sourceTree = "<group>"; };
		DB87BB1F2B3C0DB5006292B7 /* ListItem.swift */ = {isa = PBXFileReference; lastKnownFileType = sourcecode.swift; path = ListItem.swift; sourceTree = "<group>"; };
/* End PBXFileReference section */

/* Begin PBXFrameworksBuildPhase section */
		DB87BB002B3C089B006292B7 /* Frameworks */ = {
			isa = PBXFrameworksBuildPhase;
			buildActionMask = 2147483647;
			files = (
				DB87BB232B3C104A006292B7 /* SwiftUIMenu in Frameworks */,
				DB7C598D2B4822DC003166B8 /* LookinServer in Frameworks */,
			);
			runOnlyForDeploymentPostprocessing = 0;
		};
/* End PBXFrameworksBuildPhase section */

/* Begin PBXGroup section */
		DB2A584B2B6253910087C835 /* ViewController */ = {
			isa = PBXGroup;
			children = (
				DB87BB0A2B3C089B006292B7 /* ViewController.swift */,
				DB87BB1B2B3C09F5006292B7 /* ListView.swift */,
				DB87BB1D2B3C0A10006292B7 /* ListRowView.swift */,
				DB87BB1F2B3C0DB5006292B7 /* ListItem.swift */,
			);
			path = ViewController;
			sourceTree = "<group>";
		};
		DB81468F2B4D57D600246D64 /* MenuAction */ = {
			isa = PBXGroup;
			children = (
				DB81468D2B4D57D200246D64 /* MenuActionView+StackLabel.swift */,
			);
			path = MenuAction;
			sourceTree = "<group>";
		};
		DB87BAFA2B3C089B006292B7 = {
			isa = PBXGroup;
			children = (
				DB87BB1A2B3C0945006292B7 /* SwiftUIMenu */,
				DB87BB052B3C089B006292B7 /* Example */,
				DB87BB042B3C089B006292B7 /* Products */,
				DB87BB212B3C104A006292B7 /* Frameworks */,
			);
			sourceTree = "<group>";
		};
		DB87BB042B3C089B006292B7 /* Products */ = {
			isa = PBXGroup;
			children = (
				DB87BB032B3C089B006292B7 /* Example.app */,
			);
			name = Products;
			sourceTree = "<group>";
		};
		DB87BB052B3C089B006292B7 /* Example */ = {
			isa = PBXGroup;
			children = (
				DB87BB062B3C089B006292B7 /* AppDelegate.swift */,
				DB87BB082B3C089B006292B7 /* SceneDelegate.swift */,
				DB2A58492B6253500087C835 /* TabBarController.swift */,
				DB2A584B2B6253910087C835 /* ViewController */,
				DB81468F2B4D57D600246D64 /* MenuAction */,
				DB87BB0C2B3C089B006292B7 /* Main.storyboard */,
				DB87BB0F2B3C089C006292B7 /* Assets.xcassets */,
				DB87BB112B3C089C006292B7 /* LaunchScreen.storyboard */,
				DB87BB142B3C089C006292B7 /* Info.plist */,
			);
			path = Example;
			sourceTree = "<group>";
		};
		DB87BB212B3C104A006292B7 /* Frameworks */ = {
			isa = PBXGroup;
			children = (
			);
			name = Frameworks;
			sourceTree = "<group>";
		};
/* End PBXGroup section */

/* Begin PBXNativeTarget section */
		DB87BB022B3C089B006292B7 /* Example */ = {
			isa = PBXNativeTarget;
			buildConfigurationList = DB87BB172B3C089C006292B7 /* Build configuration list for PBXNativeTarget "Example" */;
			buildPhases = (
				DB87BAFF2B3C089B006292B7 /* Sources */,
				DB87BB002B3C089B006292B7 /* Frameworks */,
				DB87BB012B3C089B006292B7 /* Resources */,
			);
			buildRules = (
			);
			dependencies = (
			);
			name = Example;
			packageProductDependencies = (
				DB87BB222B3C104A006292B7 /* SwiftUIMenu */,
				DB7C598C2B4822DC003166B8 /* LookinServer */,
			);
			productName = Example;
			productReference = DB87BB032B3C089B006292B7 /* Example.app */;
			productType = "com.apple.product-type.application";
		};
/* End PBXNativeTarget section */

/* Begin PBXProject section */
		DB87BAFB2B3C089B006292B7 /* Project object */ = {
			isa = PBXProject;
			attributes = {
				BuildIndependentTargetsInParallel = 1;
				LastSwiftUpdateCheck = 1510;
				LastUpgradeCheck = 1510;
				TargetAttributes = {
					DB87BB022B3C089B006292B7 = {
						CreatedOnToolsVersion = 15.1;
					};
				};
			};
			buildConfigurationList = DB87BAFE2B3C089B006292B7 /* Build configuration list for PBXProject "Example" */;
			compatibilityVersion = "Xcode 14.0";
			developmentRegion = en;
			hasScannedForEncodings = 0;
			knownRegions = (
				en,
				Base,
			);
			mainGroup = DB87BAFA2B3C089B006292B7;
			packageReferences = (
				DB7C598B2B4822DC003166B8 /* XCRemoteSwiftPackageReference "LookinServer" */,
			);
			productRefGroup = DB87BB042B3C089B006292B7 /* Products */;
			projectDirPath = "";
			projectRoot = "";
			targets = (
				DB87BB022B3C089B006292B7 /* Example */,
			);
		};
/* End PBXProject section */

/* Begin PBXResourcesBuildPhase section */
		DB87BB012B3C089B006292B7 /* Resources */ = {
			isa = PBXResourcesBuildPhase;
			buildActionMask = 2147483647;
			files = (
				DB87BB132B3C089C006292B7 /* LaunchScreen.storyboard in Resources */,
				DB87BB102B3C089C006292B7 /* Assets.xcassets in Resources */,
				DB87BB0E2B3C089B006292B7 /* Main.storyboard in Resources */,
			);
			runOnlyForDeploymentPostprocessing = 0;
		};
/* End PBXResourcesBuildPhase section */

/* Begin PBXSourcesBuildPhase section */
		DB87BAFF2B3C089B006292B7 /* Sources */ = {
			isa = PBXSourcesBuildPhase;
			buildActionMask = 2147483647;
			files = (
				DB87BB202B3C0DB5006292B7 /* ListItem.swift in Sources */,
				DB2A584A2B6253500087C835 /* TabBarController.swift in Sources */,
				DB87BB1C2B3C09F5006292B7 /* ListView.swift in Sources */,
				DB87BB0B2B3C089B006292B7 /* ViewController.swift in Sources */,
				DB81468E2B4D57D200246D64 /* MenuActionView+StackLabel.swift in Sources */,
				DB87BB1E2B3C0A10006292B7 /* ListRowView.swift in Sources */,
				DB87BB072B3C089B006292B7 /* AppDelegate.swift in Sources */,
				DB87BB092B3C089B006292B7 /* SceneDelegate.swift in Sources */,
			);
			runOnlyForDeploymentPostprocessing = 0;
		};
/* End PBXSourcesBuildPhase section */

/* Begin PBXVariantGroup section */
		DB87BB0C2B3C089B006292B7 /* Main.storyboard */ = {
			isa = PBXVariantGroup;
			children = (
				DB87BB0D2B3C089B006292B7 /* Base */,
			);
			name = Main.storyboard;
			sourceTree = "<group>";
		};
		DB87BB112B3C089C006292B7 /* LaunchScreen.storyboard */ = {
			isa = PBXVariantGroup;
			children = (
				DB87BB122B3C089C006292B7 /* Base */,
			);
			name = LaunchScreen.storyboard;
			sourceTree = "<group>";
		};
/* End PBXVariantGroup section */

/* Begin XCBuildConfiguration section */
		DB87BB152B3C089C006292B7 /* Debug */ = {
			isa = XCBuildConfiguration;
			buildSettings = {
				ALWAYS_SEARCH_USER_PATHS = NO;
				ASSETCATALOG_COMPILER_GENERATE_SWIFT_ASSET_SYMBOL_EXTENSIONS = YES;
				CLANG_ANALYZER_NONNULL = YES;
				CLANG_ANALYZER_NUMBER_OBJECT_CONVERSION = YES_AGGRESSIVE;
				CLANG_CXX_LANGUAGE_STANDARD = "gnu++20";
				CLANG_ENABLE_MODULES = YES;
				CLANG_ENABLE_OBJC_ARC = YES;
				CLANG_ENABLE_OBJC_WEAK = YES;
				CLANG_WARN_BLOCK_CAPTURE_AUTORELEASING = YES;
				CLANG_WARN_BOOL_CONVERSION = YES;
				CLANG_WARN_COMMA = YES;
				CLANG_WARN_CONSTANT_CONVERSION = YES;
				CLANG_WARN_DEPRECATED_OBJC_IMPLEMENTATIONS = YES;
				CLANG_WARN_DIRECT_OBJC_ISA_USAGE = YES_ERROR;
				CLANG_WARN_DOCUMENTATION_COMMENTS = YES;
				CLANG_WARN_EMPTY_BODY = YES;
				CLANG_WARN_ENUM_CONVERSION = YES;
				CLANG_WARN_INFINITE_RECURSION = YES;
				CLANG_WARN_INT_CONVERSION = YES;
				CLANG_WARN_NON_LITERAL_NULL_CONVERSION = YES;
				CLANG_WARN_OBJC_IMPLICIT_RETAIN_SELF = YES;
				CLANG_WARN_OBJC_LITERAL_CONVERSION = YES;
				CLANG_WARN_OBJC_ROOT_CLASS = YES_ERROR;
				CLANG_WARN_QUOTED_INCLUDE_IN_FRAMEWORK_HEADER = YES;
				CLANG_WARN_RANGE_LOOP_ANALYSIS = YES;
				CLANG_WARN_STRICT_PROTOTYPES = YES;
				CLANG_WARN_SUSPICIOUS_MOVE = YES;
				CLANG_WARN_UNGUARDED_AVAILABILITY = YES_AGGRESSIVE;
				CLANG_WARN_UNREACHABLE_CODE = YES;
				CLANG_WARN__DUPLICATE_METHOD_MATCH = YES;
				COPY_PHASE_STRIP = NO;
				DEBUG_INFORMATION_FORMAT = dwarf;
				ENABLE_STRICT_OBJC_MSGSEND = YES;
				ENABLE_TESTABILITY = YES;
				ENABLE_USER_SCRIPT_SANDBOXING = YES;
				GCC_C_LANGUAGE_STANDARD = gnu17;
				GCC_DYNAMIC_NO_PIC = NO;
				GCC_NO_COMMON_BLOCKS = YES;
				GCC_OPTIMIZATION_LEVEL = 0;
				GCC_PREPROCESSOR_DEFINITIONS = (
					"DEBUG=1",
					"$(inherited)",
				);
				GCC_WARN_64_TO_32_BIT_CONVERSION = YES;
				GCC_WARN_ABOUT_RETURN_TYPE = YES_ERROR;
				GCC_WARN_UNDECLARED_SELECTOR = YES;
				GCC_WARN_UNINITIALIZED_AUTOS = YES_AGGRESSIVE;
				GCC_WARN_UNUSED_FUNCTION = YES;
				GCC_WARN_UNUSED_VARIABLE = YES;
				IPHONEOS_DEPLOYMENT_TARGET = 17.2;
				LOCALIZATION_PREFERS_STRING_CATALOGS = YES;
				MTL_ENABLE_DEBUG_INFO = INCLUDE_SOURCE;
				MTL_FAST_MATH = YES;
				ONLY_ACTIVE_ARCH = YES;
				SDKROOT = iphoneos;
				SWIFT_ACTIVE_COMPILATION_CONDITIONS = "DEBUG $(inherited) MENU_DEBUG";
				SWIFT_OPTIMIZATION_LEVEL = "-Onone";
			};
			name = Debug;
		};
		DB87BB162B3C089C006292B7 /* Release */ = {
			isa = XCBuildConfiguration;
			buildSettings = {
				ALWAYS_SEARCH_USER_PATHS = NO;
				ASSETCATALOG_COMPILER_GENERATE_SWIFT_ASSET_SYMBOL_EXTENSIONS = YES;
				CLANG_ANALYZER_NONNULL = YES;
				CLANG_ANALYZER_NUMBER_OBJECT_CONVERSION = YES_AGGRESSIVE;
				CLANG_CXX_LANGUAGE_STANDARD = "gnu++20";
				CLANG_ENABLE_MODULES = YES;
				CLANG_ENABLE_OBJC_ARC = YES;
				CLANG_ENABLE_OBJC_WEAK = YES;
				CLANG_WARN_BLOCK_CAPTURE_AUTORELEASING = YES;
				CLANG_WARN_BOOL_CONVERSION = YES;
				CLANG_WARN_COMMA = YES;
				CLANG_WARN_CONSTANT_CONVERSION = YES;
				CLANG_WARN_DEPRECATED_OBJC_IMPLEMENTATIONS = YES;
				CLANG_WARN_DIRECT_OBJC_ISA_USAGE = YES_ERROR;
				CLANG_WARN_DOCUMENTATION_COMMENTS = YES;
				CLANG_WARN_EMPTY_BODY = YES;
				CLANG_WARN_ENUM_CONVERSION = YES;
				CLANG_WARN_INFINITE_RECURSION = YES;
				CLANG_WARN_INT_CONVERSION = YES;
				CLANG_WARN_NON_LITERAL_NULL_CONVERSION = YES;
				CLANG_WARN_OBJC_IMPLICIT_RETAIN_SELF = YES;
				CLANG_WARN_OBJC_LITERAL_CONVERSION = YES;
				CLANG_WARN_OBJC_ROOT_CLASS = YES_ERROR;
				CLANG_WARN_QUOTED_INCLUDE_IN_FRAMEWORK_HEADER = YES;
				CLANG_WARN_RANGE_LOOP_ANALYSIS = YES;
				CLANG_WARN_STRICT_PROTOTYPES = YES;
				CLANG_WARN_SUSPICIOUS_MOVE = YES;
				CLANG_WARN_UNGUARDED_AVAILABILITY = YES_AGGRESSIVE;
				CLANG_WARN_UNREACHABLE_CODE = YES;
				CLANG_WARN__DUPLICATE_METHOD_MATCH = YES;
				COPY_PHASE_STRIP = NO;
				DEBUG_INFORMATION_FORMAT = "dwarf-with-dsym";
				ENABLE_NS_ASSERTIONS = NO;
				ENABLE_STRICT_OBJC_MSGSEND = YES;
				ENABLE_USER_SCRIPT_SANDBOXING = YES;
				GCC_C_LANGUAGE_STANDARD = gnu17;
				GCC_NO_COMMON_BLOCKS = YES;
				GCC_WARN_64_TO_32_BIT_CONVERSION = YES;
				GCC_WARN_ABOUT_RETURN_TYPE = YES_ERROR;
				GCC_WARN_UNDECLARED_SELECTOR = YES;
				GCC_WARN_UNINITIALIZED_AUTOS = YES_AGGRESSIVE;
				GCC_WARN_UNUSED_FUNCTION = YES;
				GCC_WARN_UNUSED_VARIABLE = YES;
				IPHONEOS_DEPLOYMENT_TARGET = 17.2;
				LOCALIZATION_PREFERS_STRING_CATALOGS = YES;
				MTL_ENABLE_DEBUG_INFO = NO;
				MTL_FAST_MATH = YES;
				SDKROOT = iphoneos;
				SWIFT_COMPILATION_MODE = wholemodule;
				VALIDATE_PRODUCT = YES;
			};
			name = Release;
		};
		DB87BB182B3C089C006292B7 /* Debug */ = {
			isa = XCBuildConfiguration;
			buildSettings = {
				ASSETCATALOG_COMPILER_APPICON_NAME = AppIcon;
				ASSETCATALOG_COMPILER_GLOBAL_ACCENT_COLOR_NAME = AccentColor;
				CODE_SIGN_STYLE = Automatic;
				CURRENT_PROJECT_VERSION = 1;
				DEVELOPMENT_TEAM = 7LFDZ96332;
				GENERATE_INFOPLIST_FILE = YES;
				INFOPLIST_FILE = Example/Info.plist;
				INFOPLIST_KEY_UIApplicationSupportsIndirectInputEvents = YES;
				INFOPLIST_KEY_UILaunchStoryboardName = LaunchScreen;
				INFOPLIST_KEY_UIMainStoryboardFile = Main;
				INFOPLIST_KEY_UISupportedInterfaceOrientations_iPad = "UIInterfaceOrientationPortrait UIInterfaceOrientationPortraitUpsideDown UIInterfaceOrientationLandscapeLeft UIInterfaceOrientationLandscapeRight";
				INFOPLIST_KEY_UISupportedInterfaceOrientations_iPhone = "UIInterfaceOrientationPortrait UIInterfaceOrientationLandscapeLeft UIInterfaceOrientationLandscapeRight";
				IPHONEOS_DEPLOYMENT_TARGET = 15.0;
				LD_RUNPATH_SEARCH_PATHS = (
					"$(inherited)",
					"@executable_path/Frameworks",
				);
				MARKETING_VERSION = 1.0;
				PRODUCT_BUNDLE_IDENTIFIER = io.dimension.Example;
				PRODUCT_NAME = "$(TARGET_NAME)";
				SWIFT_EMIT_LOC_STRINGS = YES;
				SWIFT_VERSION = 5.0;
				TARGETED_DEVICE_FAMILY = "1,2";
			};
			name = Debug;
		};
		DB87BB192B3C089C006292B7 /* Release */ = {
			isa = XCBuildConfiguration;
			buildSettings = {
				ASSETCATALOG_COMPILER_APPICON_NAME = AppIcon;
				ASSETCATALOG_COMPILER_GLOBAL_ACCENT_COLOR_NAME = AccentColor;
				CODE_SIGN_STYLE = Automatic;
				CURRENT_PROJECT_VERSION = 1;
				DEVELOPMENT_TEAM = 7LFDZ96332;
				GENERATE_INFOPLIST_FILE = YES;
				INFOPLIST_FILE = Example/Info.plist;
				INFOPLIST_KEY_UIApplicationSupportsIndirectInputEvents = YES;
				INFOPLIST_KEY_UILaunchStoryboardName = LaunchScreen;
				INFOPLIST_KEY_UIMainStoryboardFile = Main;
				INFOPLIST_KEY_UISupportedInterfaceOrientations_iPad = "UIInterfaceOrientationPortrait UIInterfaceOrientationPortraitUpsideDown UIInterfaceOrientationLandscapeLeft UIInterfaceOrientationLandscapeRight";
				INFOPLIST_KEY_UISupportedInterfaceOrientations_iPhone = "UIInterfaceOrientationPortrait UIInterfaceOrientationLandscapeLeft UIInterfaceOrientationLandscapeRight";
				IPHONEOS_DEPLOYMENT_TARGET = 15.0;
				LD_RUNPATH_SEARCH_PATHS = (
					"$(inherited)",
					"@executable_path/Frameworks",
				);
				MARKETING_VERSION = 1.0;
				PRODUCT_BUNDLE_IDENTIFIER = io.dimension.Example;
				PRODUCT_NAME = "$(TARGET_NAME)";
				SWIFT_EMIT_LOC_STRINGS = YES;
				SWIFT_VERSION = 5.0;
				TARGETED_DEVICE_FAMILY = "1,2";
			};
			name = Release;
		};
/* End XCBuildConfiguration section */

/* Begin XCConfigurationList section */
		DB87BAFE2B3C089B006292B7 /* Build configuration list for PBXProject "Example" */ = {
			isa = XCConfigurationList;
			buildConfigurations = (
				DB87BB152B3C089C006292B7 /* Debug */,
				DB87BB162B3C089C006292B7 /* Release */,
			);
			defaultConfigurationIsVisible = 0;
			defaultConfigurationName = Release;
		};
		DB87BB172B3C089C006292B7 /* Build configuration list for PBXNativeTarget "Example" */ = {
			isa = XCConfigurationList;
			buildConfigurations = (
				DB87BB182B3C089C006292B7 /* Debug */,
				DB87BB192B3C089C006292B7 /* Release */,
			);
			defaultConfigurationIsVisible = 0;
			defaultConfigurationName = Release;
		};
/* End XCConfigurationList section */

/* Begin XCRemoteSwiftPackageReference section */
		DB7C598B2B4822DC003166B8 /* XCRemoteSwiftPackageReference "LookinServer" */ = {
			isa = XCRemoteSwiftPackageReference;
			repositoryURL = "https://github.com/QMUI/LookinServer.git";
			requirement = {
				kind = upToNextMajorVersion;
				minimumVersion = 1.2.6;
			};
		};
/* End XCRemoteSwiftPackageReference section */

/* Begin XCSwiftPackageProductDependency section */
		DB7C598C2B4822DC003166B8 /* LookinServer */ = {
			isa = XCSwiftPackageProductDependency;
			package = DB7C598B2B4822DC003166B8 /* XCRemoteSwiftPackageReference "LookinServer" */;
			productName = LookinServer;
		};
		DB87BB222B3C104A006292B7 /* SwiftUIMenu */ = {
			isa = XCSwiftPackageProductDependency;
			productName = SwiftUIMenu;
		};
/* End XCSwiftPackageProductDependency section */
	};
	rootObject = DB87BAFB2B3C089B006292B7 /* Project object */;
}
